
Microsoft Visual Studio Solution File, Format Version 12.00
# Visual Studio 15
VisualStudioVersion = 15.0.27004.2005
MinimumVisualStudioVersion = 10.0.40219.1
Project("{FAE04EC0-301F-11D3-BF4B-00C04F79EFBC}") = "Ghanapatam", "Ghanapatam\Ghanapatam.csproj", "{B373D88D-494A-46CB-88A5-870B10801BC1}"
EndProject
Global
	GlobalSection(SolutionConfigurationPlatforms) = preSolution
		Debug|Any CPU = Debug|Any CPU
		Release|Any CPU = Release|Any CPU
	EndGlobalSection
	GlobalSection(ProjectConfigurationPlatforms) = postSolution
		{B373D88D-494A-46CB-88A5-870B10801BC1}.Debug|Any CPU.ActiveCfg = Debug|Any CPU
		{B373D88D-494A-46CB-88A5-870B10801BC1}.Debug|Any CPU.Build.0 = Debug|Any CPU
		{B373D88D-494A-46CB-88A5-870B10801BC1}.Release|Any CPU.ActiveCfg = Release|Any CPU
		{B373D88D-494A-46CB-88A5-870B10801BC1}.Release|Any CPU.Build.0 = Release|Any CPU
	EndGlobalSection
	GlobalSection(SolutionProperties) = preSolution
		HideSolutionNode = FALSE
	EndGlobalSection
	GlobalSection(ExtensibilityGlobals) = postSolution
		SolutionGuid = {51BAD4CF-D80F-4DE3-AE39-A3EA456E1449}
	EndGlobalSection
EndGlobal
